dependencies:
- name: rafter-controller-manager
  repository: http://localhost:8879/
  version: 0.1.*
- name: rafter-upload-service
  repository: http://localhost:8879/
  version: 0.1.*
- name: rafter-front-matter-service
  repository: http://localhost:8879/
  version: 0.1.*
- name: rafter-asyncapi-service
  repository: http://localhost:8879/
  version: 0.1.*
digest: sha256:f05817fe4bc2636e2b4b50c62143ff994990ff9f4f493ee113920a90225671aa
generated: "2019-11-13T13:35:26.842582+01:00"
